
Microsoft Visual Studio Solution File, Format Version 12.00
# Visual Studio 15
VisualStudioVersion = 15.0.26124.0
MinimumVisualStudioVersion = 15.0.26124.0
Project("{FAE04EC0-301F-11D3-BF4B-00C04F79EFBC}") = "HomeTask4.Cmd", "HomeTask4.Cmd\HomeTask4.Cmd.csproj", "{16777230-6FCC-4278-85C0-E48925C424B9}"
EndProject
Project("{FAE04EC0-301F-11D3-BF4B-00C04F79EFBC}") = "HomeTask4.SharedKernel", "HomeTask4.SharedKernel\HomeTask4.SharedKernel.csproj", "{300CF030-663A-44FE-8A66-D95227D750FD}"
EndProject
Project("{FAE04EC0-301F-11D3-BF4B-00C04F79EFBC}") = "HomeTask4.Core", "HomeTask4.Core\HomeTask4.Core.csproj", "{F15084C6-5962-41B8-9EAB-D5E327B83848}"
EndProject
Project("{FAE04EC0-301F-11D3-BF4B-00C04F79EFBC}") = "HomeTask4.Infrastructure", "HomeTask4.Infrastructure\HomeTask4.Infrastructure.csproj", "{B21F4807-0469-4E26-BAFD-3566977329AA}"
EndProject
Global
	GlobalSection(SolutionConfigurationPlatforms) = preSolution
		Debug|Any CPU = Debug|Any CPU
		Debug|x64 = Debug|x64
		Debug|x86 = Debug|x86
		Release|Any CPU = Release|Any CPU
		Release|x64 = Release|x64
		Release|x86 = Release|x86
	EndGlobalSection
	GlobalSection(SolutionProperties) = preSolution
		HideSolutionNode = FALSE
	EndGlobalSection
	GlobalSection(ProjectConfigurationPlatforms) = postSolution
		{16777230-6FCC-4278-85C0-E48925C424B9}.Debug|Any CPU.ActiveCfg = Debug|Any CPU
		{16777230-6FCC-4278-85C0-E48925C424B9}.Debug|Any CPU.Build.0 = Debug|Any CPU
		{16777230-6FCC-4278-85C0-E48925C424B9}.Debug|x64.ActiveCfg = Debug|Any CPU
		{16777230-6FCC-4278-85C0-E48925C424B9}.Debug|x64.Build.0 = Debug|Any CPU
		{16777230-6FCC-4278-85C0-E48925C424B9}.Debug|x86.ActiveCfg = Debug|Any CPU
		{16777230-6FCC-4278-85C0-E48925C424B9}.Debug|x86.Build.0 = Debug|Any CPU
		{16777230-6FCC-4278-85C0-E48925C424B9}.Release|Any CPU.ActiveCfg = Release|Any CPU
		{16777230-6FCC-4278-85C0-E48925C424B9}.Release|Any CPU.Build.0 = Release|Any CPU
		{16777230-6FCC-4278-85C0-E48925C424B9}.Release|x64.ActiveCfg = Release|Any CPU
		{16777230-6FCC-4278-85C0-E48925C424B9}.Release|x64.Build.0 = Release|Any CPU
		{16777230-6FCC-4278-85C0-E48925C424B9}.Release|x86.ActiveCfg = Release|Any CPU
		{16777230-6FCC-4278-85C0-E48925C424B9}.Release|x86.Build.0 = Release|Any CPU
		{300CF030-663A-44FE-8A66-D95227D750FD}.Debug|Any CPU.ActiveCfg = Debug|Any CPU
		{300CF030-663A-44FE-8A66-D95227D750FD}.Debug|Any CPU.Build.0 = Debug|Any CPU
		{300CF030-663A-44FE-8A66-D95227D750FD}.Debug|x64.ActiveCfg = Debug|Any CPU
		{300CF030-663A-44FE-8A66-D95227D750FD}.Debug|x64.Build.0 = Debug|Any CPU
		{300CF030-663A-44FE-8A66-D95227D750FD}.Debug|x86.ActiveCfg = Debug|Any CPU
		{300CF030-663A-44FE-8A66-D95227D750FD}.Debug|x86.Build.0 = Debug|Any CPU
		{300CF030-663A-44FE-8A66-D95227D750FD}.Release|Any CPU.ActiveCfg = Release|Any CPU
		{300CF030-663A-44FE-8A66-D95227D750FD}.Release|Any CPU.Build.0 = Release|Any CPU
		{300CF030-663A-44FE-8A66-D95227D750FD}.Release|x64.ActiveCfg = Release|Any CPU
		{300CF030-663A-44FE-8A66-D95227D750FD}.Release|x64.Build.0 = Release|Any CPU
		{300CF030-663A-44FE-8A66-D95227D750FD}.Release|x86.ActiveCfg = Release|Any CPU
		{300CF030-663A-44FE-8A66-D95227D750FD}.Release|x86.Build.0 = Release|Any CPU
		{F15084C6-5962-41B8-9EAB-D5E327B83848}.Debug|Any CPU.ActiveCfg = Debug|Any CPU
		{F15084C6-5962-41B8-9EAB-D5E327B83848}.Debug|Any CPU.Build.0 = Debug|Any CPU
		{F15084C6-5962-41B8-9EAB-D5E327B83848}.Debug|x64.ActiveCfg = Debug|Any CPU
		{F15084C6-5962-41B8-9EAB-D5E327B83848}.Debug|x64.Build.0 = Debug|Any CPU
		{F15084C6-5962-41B8-9EAB-D5E327B83848}.Debug|x86.ActiveCfg = Debug|Any CPU
		{F15084C6-5962-41B8-9EAB-D5E327B83848}.Debug|x86.Build.0 = Debug|Any CPU
		{F15084C6-5962-41B8-9EAB-D5E327B83848}.Release|Any CPU.ActiveCfg = Release|Any CPU
		{F15084C6-5962-41B8-9EAB-D5E327B83848}.Release|Any CPU.Build.0 = Release|Any CPU
		{F15084C6-5962-41B8-9EAB-D5E327B83848}.Release|x64.ActiveCfg = Release|Any CPU
		{F15084C6-5962-41B8-9EAB-D5E327B83848}.Release|x64.Build.0 = Release|Any CPU
		{F15084C6-5962-41B8-9EAB-D5E327B83848}.Release|x86.ActiveCfg = Release|Any CPU
		{F15084C6-5962-41B8-9EAB-D5E327B83848}.Release|x86.Build.0 = Release|Any CPU
		{B21F4807-0469-4E26-BAFD-3566977329AA}.Debug|Any CPU.ActiveCfg = Debug|Any CPU
		{B21F4807-0469-4E26-BAFD-3566977329AA}.Debug|Any CPU.Build.0 = Debug|Any CPU
		{B21F4807-0469-4E26-BAFD-3566977329AA}.Debug|x64.ActiveCfg = Debug|Any CPU
		{B21F4807-0469-4E26-BAFD-3566977329AA}.Debug|x64.Build.0 = Debug|Any CPU
		{B21F4807-0469-4E26-BAFD-3566977329AA}.Debug|x86.ActiveCfg = Debug|Any CPU
		{B21F4807-0469-4E26-BAFD-3566977329AA}.Debug|x86.Build.0 = Debug|Any CPU
		{B21F4807-0469-4E26-BAFD-3566977329AA}.Release|Any CPU.ActiveCfg = Release|Any CPU
		{B21F4807-0469-4E26-BAFD-3566977329AA}.Release|Any CPU.Build.0 = Release|Any CPU
		{B21F4807-0469-4E26-BAFD-3566977329AA}.Release|x64.ActiveCfg = Release|Any CPU
		{B21F4807-0469-4E26-BAFD-3566977329AA}.Release|x64.Build.0 = Release|Any CPU
		{B21F4807-0469-4E26-BAFD-3566977329AA}.Release|x86.ActiveCfg = Release|Any CPU
		{B21F4807-0469-4E26-BAFD-3566977329AA}.Release|x86.Build.0 = Release|Any CPU
	EndGlobalSection
EndGlobal
